
Microsoft Visual Studio Solution File, Format Version 12.00
# Visual Studio Version 17
VisualStudioVersion = 17.9.34728.123
MinimumVisualStudioVersion = 10.0.40219.1
Project("{FAE04EC0-301F-11D3-BF4B-00C04F79EFBC}") = "quanLyCauThu", "quanLyCauThu\quanLyCauThu.csproj", "{9ADCA2AE-6521-43FB-B8B6-0407E2BD8E3E}"
EndProject
Global
	GlobalSection(SolutionConfigurationPlatforms) = preSolution
		Debug|Any CPU = Debug|Any CPU
		Release|Any CPU = Release|Any CPU
	EndGlobalSection
	GlobalSection(ProjectConfigurationPlatforms) = postSolution
		{9ADCA2AE-6521-43FB-B8B6-0407E2BD8E3E}.Debug|Any CPU.ActiveCfg = Debug|Any CPU
		{9ADCA2AE-6521-43FB-B8B6-0407E2BD8E3E}.Debug|Any CPU.Build.0 = Debug|Any CPU
		{9ADCA2AE-6521-43FB-B8B6-0407E2BD8E3E}.Release|Any CPU.ActiveCfg = Release|Any CPU
		{9ADCA2AE-6521-43FB-B8B6-0407E2BD8E3E}.Release|Any CPU.Build.0 = Release|Any CPU
	EndGlobalSection
	GlobalSection(SolutionProperties) = preSolution
		HideSolutionNode = FALSE
	EndGlobalSection
	GlobalSection(ExtensibilityGlobals) = postSolution
		SolutionGuid = {521C3AEA-1CE3-41A1-BF0C-2F6A3639C8C7}
	EndGlobalSection
EndGlobal
